
Microsoft Visual Studio Solution File, Format Version 12.00
# Visual Studio Version 17
VisualStudioVersion = 17.11.35327.3
MinimumVisualStudioVersion = 10.0.40219.1
Project("{151D2E53-A2C4-4D7D-83FE-D05416EBD58E}") = "AzureResourceGroup1", "AzureResourceGroup1\AzureResourceGroup1.deployproj", "{80F7CFDA-2748-46D6-9069-9CDFE258919F}"
EndProject
Global
	GlobalSection(SolutionConfigurationPlatforms) = preSolution
		Debug|Any CPU = Debug|Any CPU
		Release|Any CPU = Release|Any CPU
	EndGlobalSection
	GlobalSection(ProjectConfigurationPlatforms) = postSolution
		{80F7CFDA-2748-46D6-9069-9CDFE258919F}.Debug|Any CPU.ActiveCfg = Debug|Any CPU
		{80F7CFDA-2748-46D6-9069-9CDFE258919F}.Debug|Any CPU.Build.0 = Debug|Any CPU
		{80F7CFDA-2748-46D6-9069-9CDFE258919F}.Release|Any CPU.ActiveCfg = Release|Any CPU
		{80F7CFDA-2748-46D6-9069-9CDFE258919F}.Release|Any CPU.Build.0 = Release|Any CPU
	EndGlobalSection
	GlobalSection(SolutionProperties) = preSolution
		HideSolutionNode = FALSE
	EndGlobalSection
	GlobalSection(ExtensibilityGlobals) = postSolution
		SolutionGuid = {FAA43CA8-6EBC-4654-B723-37BDF5A2212D}
	EndGlobalSection
EndGlobal
